
Microsoft Visual Studio Solution File, Format Version 12.00
# Visual Studio 14
VisualStudioVersion = 14.0.25123.0
MinimumVisualStudioVersion = 10.0.40219.1
Project("{2150E333-8FDC-42A3-9474-1A3956D46DE8}") = "Solution Items", "Solution Items", "{84FF0E28-16F2-417B-8162-49350A82F08D}"
EndProject
Project("{FAE04EC0-301F-11D3-BF4B-00C04F79EFBC}") = "Scion.MainHard", "ClassLibrary2\Scion.MainHard.csproj", "{A713B56C-54F9-465F-BC7A-0AE5A521DC36}"
EndProject
Project("{FAE04EC0-301F-11D3-BF4B-00C04F79EFBC}") = "Scion.Wpf", "WpfBrowserApplication1\Scion.Wpf.csproj", "{5771A53F-999C-461F-807F-03FAD559CCC9}"
EndProject
Project("{FAE04EC0-301F-11D3-BF4B-00C04F79EFBC}") = "UnitTests", "Tests\UnitTests\UnitTests.csproj", "{5B7AFA6F-F143-4B74-AB91-88AD4275BDA6}"
EndProject
Project("{FAE04EC0-301F-11D3-BF4B-00C04F79EFBC}") = "Scion.WindowsForm", "WindowsFormsApplication1\Scion.WindowsForm.csproj", "{E2334B9D-DCD9-4D6A-BA18-946F046ACD60}"
EndProject
Global
	GlobalSection(SolutionConfigurationPlatforms) = preSolution
		Debug|Any CPU = Debug|Any CPU
		Release|Any CPU = Release|Any CPU
	EndGlobalSection
	GlobalSection(ProjectConfigurationPlatforms) = postSolution
		{A713B56C-54F9-465F-BC7A-0AE5A521DC36}.Debug|Any CPU.ActiveCfg = Debug|Any CPU
		{A713B56C-54F9-465F-BC7A-0AE5A521DC36}.Debug|Any CPU.Build.0 = Debug|Any CPU
		{A713B56C-54F9-465F-BC7A-0AE5A521DC36}.Release|Any CPU.ActiveCfg = Release|Any CPU
		{A713B56C-54F9-465F-BC7A-0AE5A521DC36}.Release|Any CPU.Build.0 = Release|Any CPU
		{5771A53F-999C-461F-807F-03FAD559CCC9}.Debug|Any CPU.ActiveCfg = Debug|Any CPU
		{5771A53F-999C-461F-807F-03FAD559CCC9}.Debug|Any CPU.Build.0 = Debug|Any CPU
		{5771A53F-999C-461F-807F-03FAD559CCC9}.Release|Any CPU.ActiveCfg = Release|Any CPU
		{5771A53F-999C-461F-807F-03FAD559CCC9}.Release|Any CPU.Build.0 = Release|Any CPU
		{5B7AFA6F-F143-4B74-AB91-88AD4275BDA6}.Debug|Any CPU.ActiveCfg = Debug|Any CPU
		{5B7AFA6F-F143-4B74-AB91-88AD4275BDA6}.Debug|Any CPU.Build.0 = Debug|Any CPU
		{5B7AFA6F-F143-4B74-AB91-88AD4275BDA6}.Release|Any CPU.ActiveCfg = Release|Any CPU
		{5B7AFA6F-F143-4B74-AB91-88AD4275BDA6}.Release|Any CPU.Build.0 = Release|Any CPU
		{E2334B9D-DCD9-4D6A-BA18-946F046ACD60}.Debug|Any CPU.ActiveCfg = Debug|Any CPU
		{E2334B9D-DCD9-4D6A-BA18-946F046ACD60}.Debug|Any CPU.Build.0 = Debug|Any CPU
		{E2334B9D-DCD9-4D6A-BA18-946F046ACD60}.Release|Any CPU.ActiveCfg = Release|Any CPU
		{E2334B9D-DCD9-4D6A-BA18-946F046ACD60}.Release|Any CPU.Build.0 = Release|Any CPU
	EndGlobalSection
	GlobalSection(SolutionProperties) = preSolution
		HideSolutionNode = FALSE
	EndGlobalSection
EndGlobal
